Microsoft Visual Studio Solution File, Format Version 12.00
Project("{FAE04EC0-301F-11D3-BF4B-00C04F79EFBC}") = "Biscos_Georgiana_Vanessa_Lab10", "Biscos_Georgiana_Vanessa_Lab10\Biscos_Georgiana_Vanessa_Lab10.csproj", "{417CD726-B35B-4516-8FA7-2C82C5CA9058}"
EndProject
Project("{FAE04EC0-301F-11D3-BF4B-00C04F79EFBC}") = "Biscos_Georgiana_Vanessa_Lab10.Droid", "Biscos_Georgiana_Vanessa_Lab10.Droid\Biscos_Georgiana_Vanessa_Lab10.Droid.csproj", "{C9C5B22B-220E-41A1-90BC-B8DD38776445}"
EndProject
Project("{FAE04EC0-301F-11D3-BF4B-00C04F79EFBC}") = "Biscos_Georgiana_Vanessa_Lab10.iOS", "Biscos_Georgiana_Vanessa_Lab10.iOS\Biscos_Georgiana_Vanessa_Lab10.iOS.csproj", "{6FAC2072-1F9A-43B8-B0DF-03D229BAFF29}"
EndProject
Global
	GlobalSection(SolutionConfigurationPlatforms) = preSolution
		Ad-Hoc|iPhone = Ad-Hoc|iPhone
		AppStore|iPhone = AppStore|iPhone
		Debug|Any CPU = Debug|Any CPU
		Debug|iPhone = Debug|iPhone
		Debug|iPhoneSimulator = Debug|iPhoneSimulator
		Release|Any CPU = Release|Any CPU
		Release|iPhone = Release|iPhone
		Release|iPhoneSimulator = Release|iPhoneSimulator
	EndGlobalSection
	GlobalSection(ProjectConfigurationPlatforms) = postSolution
		{417CD726-B35B-4516-8FA7-2C82C5CA9058}.Ad-Hoc|iPhone.ActiveCfg = Debug|Any CPU
		{417CD726-B35B-4516-8FA7-2C82C5CA9058}.Ad-Hoc|iPhone.Build.0 = Debug|Any CPU
		{417CD726-B35B-4516-8FA7-2C82C5CA9058}.AppStore|iPhone.ActiveCfg = Debug|Any CPU
		{417CD726-B35B-4516-8FA7-2C82C5CA9058}.AppStore|iPhone.Build.0 = Debug|Any CPU
		{417CD726-B35B-4516-8FA7-2C82C5CA9058}.Debug|Any CPU.ActiveCfg = Debug|Any CPU
		{417CD726-B35B-4516-8FA7-2C82C5CA9058}.Debug|Any CPU.Build.0 = Debug|Any CPU
		{417CD726-B35B-4516-8FA7-2C82C5CA9058}.Debug|iPhone.ActiveCfg = Debug|Any CPU
		{417CD726-B35B-4516-8FA7-2C82C5CA9058}.Debug|iPhone.Build.0 = Debug|Any CPU
		{417CD726-B35B-4516-8FA7-2C82C5CA9058}.Debug|iPhoneSimulator.ActiveCfg = Debug|Any CPU
		{417CD726-B35B-4516-8FA7-2C82C5CA9058}.Debug|iPhoneSimulator.Build.0 = Debug|Any CPU
		{417CD726-B35B-4516-8FA7-2C82C5CA9058}.Release|Any CPU.ActiveCfg = Release|Any CPU
		{417CD726-B35B-4516-8FA7-2C82C5CA9058}.Release|Any CPU.Build.0 = Release|Any CPU
		{417CD726-B35B-4516-8FA7-2C82C5CA9058}.Release|iPhone.ActiveCfg = Release|Any CPU
		{417CD726-B35B-4516-8FA7-2C82C5CA9058}.Release|iPhone.Build.0 = Release|Any CPU
		{417CD726-B35B-4516-8FA7-2C82C5CA9058}.Release|iPhoneSimulator.ActiveCfg = Release|Any CPU
		{417CD726-B35B-4516-8FA7-2C82C5CA9058}.Release|iPhoneSimulator.Build.0 = Release|Any CPU
		{C9C5B22B-220E-41A1-90BC-B8DD38776445}.Ad-Hoc|iPhone.ActiveCfg = Debug|Any CPU
		{C9C5B22B-220E-41A1-90BC-B8DD38776445}.Ad-Hoc|iPhone.Build.0 = Debug|Any CPU
		{C9C5B22B-220E-41A1-90BC-B8DD38776445}.Ad-Hoc|iPhone.Deploy.0 = Debug|Any CPU
		{C9C5B22B-220E-41A1-90BC-B8DD38776445}.AppStore|iPhone.ActiveCfg = Debug|Any CPU
		{C9C5B22B-220E-41A1-90BC-B8DD38776445}.AppStore|iPhone.Build.0 = Debug|Any CPU
		{C9C5B22B-220E-41A1-90BC-B8DD38776445}.AppStore|iPhone.Deploy.0 = Debug|Any CPU
		{C9C5B22B-220E-41A1-90BC-B8DD38776445}.Debug|Any CPU.ActiveCfg = Debug|Any CPU
		{C9C5B22B-220E-41A1-90BC-B8DD38776445}.Debug|Any CPU.Build.0 = Debug|Any CPU
		{C9C5B22B-220E-41A1-90BC-B8DD38776445}.Debug|Any CPU.Deploy.0 = Debug|Any CPU
		{C9C5B22B-220E-41A1-90BC-B8DD38776445}.Debug|iPhone.ActiveCfg = Debug|Any CPU
		{C9C5B22B-220E-41A1-90BC-B8DD38776445}.Debug|iPhone.Build.0 = Debug|Any CPU
		{C9C5B22B-220E-41A1-90BC-B8DD38776445}.Debug|iPhone.Deploy.0 = Debug|Any CPU
		{C9C5B22B-220E-41A1-90BC-B8DD38776445}.Debug|iPhoneSimulator.ActiveCfg = Debug|Any CPU
		{C9C5B22B-220E-41A1-90BC-B8DD38776445}.Debug|iPhoneSimulator.Build.0 = Debug|Any CPU
		{C9C5B22B-220E-41A1-90BC-B8DD38776445}.Debug|iPhoneSimulator.Deploy.0 = Debug|Any CPU
		{C9C5B22B-220E-41A1-90BC-B8DD38776445}.Release|Any CPU.ActiveCfg = Release|Any CPU
		{C9C5B22B-220E-41A1-90BC-B8DD38776445}.Release|Any CPU.Build.0 = Release|Any CPU
		{C9C5B22B-220E-41A1-90BC-B8DD38776445}.Release|Any CPU.Deploy.0 = Release|Any CPU
		{C9C5B22B-220E-41A1-90BC-B8DD38776445}.Release|iPhone.ActiveCfg = Release|Any CPU
		{C9C5B22B-220E-41A1-90BC-B8DD38776445}.Release|iPhone.Build.0 = Release|Any CPU
		{C9C5B22B-220E-41A1-90BC-B8DD38776445}.Release|iPhone.Deploy.0 = Release|Any CPU
		{C9C5B22B-220E-41A1-90BC-B8DD38776445}.Release|iPhoneSimulator.ActiveCfg = Release|Any CPU
		{C9C5B22B-220E-41A1-90BC-B8DD38776445}.Release|iPhoneSimulator.Build.0 = Release|Any CPU
		{C9C5B22B-220E-41A1-90BC-B8DD38776445}.Release|iPhoneSimulator.Deploy.0 = Release|Any CPU
		{6FAC2072-1F9A-43B8-B0DF-03D229BAFF29}.Ad-Hoc|iPhone.ActiveCfg = Ad-Hoc|iPhone
		{6FAC2072-1F9A-43B8-B0DF-03D229BAFF29}.Ad-Hoc|iPhone.Build.0 = Ad-Hoc|iPhone
		{6FAC2072-1F9A-43B8-B0DF-03D229BAFF29}.Ad-Hoc|iPhone.Deploy.0 = Ad-Hoc|iPhone
		{6FAC2072-1F9A-43B8-B0DF-03D229BAFF29}.AppStore|iPhone.ActiveCfg = AppStore|iPhone
		{6FAC2072-1F9A-43B8-B0DF-03D229BAFF29}.AppStore|iPhone.Build.0 = AppStore|iPhone
		{6FAC2072-1F9A-43B8-B0DF-03D229BAFF29}.AppStore|iPhone.Deploy.0 = AppStore|iPhone
		{6FAC2072-1F9A-43B8-B0DF-03D229BAFF29}.Debug|Any CPU.ActiveCfg = Debug|iPhoneSimulator
		{6FAC2072-1F9A-43B8-B0DF-03D229BAFF29}.Debug|Any CPU.Build.0 = Debug|iPhoneSimulator
		{6FAC2072-1F9A-43B8-B0DF-03D229BAFF29}.Debug|Any CPU.Deploy.0 = Debug|iPhoneSimulator
		{6FAC2072-1F9A-43B8-B0DF-03D229BAFF29}.Debug|iPhone.ActiveCfg = Debug|iPhone
		{6FAC2072-1F9A-43B8-B0DF-03D229BAFF29}.Debug|iPhone.Build.0 = Debug|iPhone
		{6FAC2072-1F9A-43B8-B0DF-03D229BAFF29}.Debug|iPhone.Deploy.0 = Debug|iPhone
		{6FAC2072-1F9A-43B8-B0DF-03D229BAFF29}.Debug|iPhoneSimulator.ActiveCfg = Debug|iPhoneSimulator
		{6FAC2072-1F9A-43B8-B0DF-03D229BAFF29}.Debug|iPhoneSimulator.Build.0 = Debug|iPhoneSimulator
		{6FAC2072-1F9A-43B8-B0DF-03D229BAFF29}.Debug|iPhoneSimulator.Deploy.0 = Debug|iPhoneSimulator
		{6FAC2072-1F9A-43B8-B0DF-03D229BAFF29}.Release|Any CPU.ActiveCfg = Release|iPhoneSimulator
		{6FAC2072-1F9A-43B8-B0DF-03D229BAFF29}.Release|Any CPU.Build.0 = Release|iPhoneSimulator
		{6FAC2072-1F9A-43B8-B0DF-03D229BAFF29}.Release|Any CPU.Deploy.0 = Release|iPhoneSimulator
		{6FAC2072-1F9A-43B8-B0DF-03D229BAFF29}.Release|iPhone.ActiveCfg = Release|iPhone
		{6FAC2072-1F9A-43B8-B0DF-03D229BAFF29}.Release|iPhone.Build.0 = Release|iPhone
		{6FAC2072-1F9A-43B8-B0DF-03D229BAFF29}.Release|iPhone.Deploy.0 = Release|iPhone
		{6FAC2072-1F9A-43B8-B0DF-03D229BAFF29}.Release|iPhoneSimulator.ActiveCfg = Release|iPhoneSimulator
		{6FAC2072-1F9A-43B8-B0DF-03D229BAFF29}.Release|iPhoneSimulator.Build.0 = Release|iPhoneSimulator
		{6FAC2072-1F9A-43B8-B0DF-03D229BAFF29}.Release|iPhoneSimulator.Deploy.0 = Release|iPhoneSimulator
	EndGlobalSection
EndGlobal
